
Microsoft Visual Studio Solution File, Format Version 12.00
# Visual Studio Version 16
VisualStudioVersion = 16.0.31019.35
MinimumVisualStudioVersion = 10.0.40219.1
Project("{FAE04EC0-301F-11D3-BF4B-00C04F79EFBC}") = "Is2Plus2Equal4", "Is2Plus2Equal4.csproj", "{02B48EA6-C3A2-4C0D-BFEF-6580F4BBC20E}"
EndProject
Project("{FAE04EC0-301F-11D3-BF4B-00C04F79EFBC}") = "UnitTestsGoHere", "..\UnitTestsGoHere\UnitTestsGoHere.csproj", "{3C451A32-38C7-4A48-84AB-2FBD5EF54695}"
EndProject
Global
	GlobalSection(SolutionConfigurationPlatforms) = preSolution
		Debug|Any CPU = Debug|Any CPU
		Release|Any CPU = Release|Any CPU
	EndGlobalSection
	GlobalSection(ProjectConfigurationPlatforms) = postSolution
		{02B48EA6-C3A2-4C0D-BFEF-6580F4BBC20E}.Debug|Any CPU.ActiveCfg = Debug|Any CPU
		{02B48EA6-C3A2-4C0D-BFEF-6580F4BBC20E}.Debug|Any CPU.Build.0 = Debug|Any CPU
		{02B48EA6-C3A2-4C0D-BFEF-6580F4BBC20E}.Release|Any CPU.ActiveCfg = Release|Any CPU
		{02B48EA6-C3A2-4C0D-BFEF-6580F4BBC20E}.Release|Any CPU.Build.0 = Release|Any CPU
		{3C451A32-38C7-4A48-84AB-2FBD5EF54695}.Debug|Any CPU.ActiveCfg = Debug|Any CPU
		{3C451A32-38C7-4A48-84AB-2FBD5EF54695}.Debug|Any CPU.Build.0 = Debug|Any CPU
		{3C451A32-38C7-4A48-84AB-2FBD5EF54695}.Release|Any CPU.ActiveCfg = Release|Any CPU
		{3C451A32-38C7-4A48-84AB-2FBD5EF54695}.Release|Any CPU.Build.0 = Release|Any CPU
	EndGlobalSection
	GlobalSection(SolutionProperties) = preSolution
		HideSolutionNode = FALSE
	EndGlobalSection
	GlobalSection(ExtensibilityGlobals) = postSolution
		SolutionGuid = {B0C35084-FBD4-4833-8B7B-B22311A8F7A0}
	EndGlobalSection
EndGlobal
